{
  "nodes": {
    "devenv": {
      "locked": {
        "dir": "src/modules",
        "lastModified": 1778071019,
        "narHash": "sha256-vb4UzOKKdLext4faiI1KbI0yrTKNdI8wyxHvOMycWd8=",
        "owner": "cachix",
        "repo": "devenv",
        "rev": "a3ebee0b80ce56ae4acba2c971c09ee6eca75338",
        "type": "github"
      },
      "original": {
        "dir": "src/modules",
        "owner": "cachix",
        "repo": "devenv",
        "type": "github"
      }
    },
    "nixpkgs": {
      "inputs": {
        "nixpkgs-src": "nixpkgs-src"
      },
      "locked": {
        "lastModified": 1778017947,
        "narHash": "sha256-Qp52wvK3Bq854SSLC8cJ6H6cokQ96qhgBHcyynRjkW8=",
        "owner": "cachix",
        "repo": "devenv-nixpkgs",
        "rev": "5941ed7aa58a1651f373ccfd5a106e1597ec8dd6",
        "type": "github"
      },
      "original": {
        "owner": "cachix",
        "ref": "rolling",
        "repo": "devenv-nixpkgs",
        "type": "github"
      }
    },
    "nixpkgs-src": {
      "flake": false,
      "locked": {
        "lastModified": 1777826146,
        "narHash": "sha256-wQ/iN5Zp5VIa3ebBibijPnLyKhor+xEbDy4d0goa9Zs=",
        "owner": "NixOS",
        "repo": "nixpkgs",
        "rev": "73c703c22422b8951895a960959dbbaca7296492",
        "type": "github"
      },
      "original": {
        "owner": "NixOS",
        "ref": "nixpkgs-unstable",
        "repo": "nixpkgs",
        "type": "github"
      }
    },
    "root": {
      "inputs": {
        "devenv": "devenv",
        "nixpkgs": "nixpkgs"
      }
    }
  },
  "root": "root",
  "version": 7
}